
Microsoft Visual Studio Solution File, Format Version 12.00
# Visual Studio Version 16
VisualStudioVersion = 16.0.29519.87
MinimumVisualStudioVersion = 10.0.40219.1
Project("{FAE04EC0-301F-11D3-BF4B-00C04F79EFBC}") = "PrismRegions", "PrismRegions\PrismRegions.csproj", "{F1127C23-056E-4333-BA7D-108B796C9B36}"
EndProject
Project("{FAE04EC0-301F-11D3-BF4B-00C04F79EFBC}") = "PrismRegions.Android", "PrismRegions.Android\PrismRegions.Android.csproj", "{C03A36F6-038D-4956-941E-B817EEE09379}"
EndProject
Project("{FAE04EC0-301F-11D3-BF4B-00C04F79EFBC}") = "PrismRegions.iOS", "PrismRegions.iOS\PrismRegions.iOS.csproj", "{0F64977A-C783-48A7-9C21-7A7F39BC1A1E}"
EndProject
Project("{FAE04EC0-301F-11D3-BF4B-00C04F79EFBC}") = "PrismRegions.UWP", "PrismRegions.UWP\PrismRegions.UWP.csproj", "{14E386E0-0C91-4A68-9644-1F3C5F51468E}"
EndProject
Project("{2150E333-8FDC-42A3-9474-1A3956D46DE8}") = "Modules", "Modules", "{F1F5D9BA-97B5-4404-A217-E473F35AAC82}"
EndProject
Project("{2150E333-8FDC-42A3-9474-1A3956D46DE8}") = "Shared", "Shared", "{46A0E4C8-EA46-46CC-974F-FDF7A4ACFBBF}"
EndProject
Global
	GlobalSection(SolutionConfigurationPlatforms) = preSolution
		Ad-Hoc|Any CPU = Ad-Hoc|Any CPU
		Ad-Hoc|ARM = Ad-Hoc|ARM
		Ad-Hoc|iPhone = Ad-Hoc|iPhone
		Ad-Hoc|iPhoneSimulator = Ad-Hoc|iPhoneSimulator
		Ad-Hoc|x64 = Ad-Hoc|x64
		Ad-Hoc|x86 = Ad-Hoc|x86
		AppStore|Any CPU = AppStore|Any CPU
		AppStore|ARM = AppStore|ARM
		AppStore|iPhone = AppStore|iPhone
		AppStore|iPhoneSimulator = AppStore|iPhoneSimulator
		AppStore|x64 = AppStore|x64
		AppStore|x86 = AppStore|x86
		Debug|Any CPU = Debug|Any CPU
		Debug|ARM = Debug|ARM
		Debug|iPhone = Debug|iPhone
		Debug|iPhoneSimulator = Debug|iPhoneSimulator
		Debug|x64 = Debug|x64
		Debug|x86 = Debug|x86
		Release|Any CPU = Release|Any CPU
		Release|ARM = Release|ARM
		Release|iPhone = Release|iPhone
		Release|iPhoneSimulator = Release|iPhoneSimulator
		Release|x64 = Release|x64
		Release|x86 = Release|x86
	EndGlobalSection
	GlobalSection(ProjectConfigurationPlatforms) = postSolution
		{F1127C23-056E-4333-BA7D-108B796C9B36}.Ad-Hoc|Any CPU.ActiveCfg = Debug|Any CPU
		{F1127C23-056E-4333-BA7D-108B796C9B36}.Ad-Hoc|Any CPU.Build.0 = Debug|Any CPU
		{F1127C23-056E-4333-BA7D-108B796C9B36}.Ad-Hoc|ARM.ActiveCfg = Debug|Any CPU
		{F1127C23-056E-4333-BA7D-108B796C9B36}.Ad-Hoc|ARM.Build.0 = Debug|Any CPU
		{F1127C23-056E-4333-BA7D-108B796C9B36}.Ad-Hoc|iPhone.ActiveCfg = Debug|Any CPU
		{F1127C23-056E-4333-BA7D-108B796C9B36}.Ad-Hoc|iPhone.Build.0 = Debug|Any CPU
		{F1127C23-056E-4333-BA7D-108B796C9B36}.Ad-Hoc|iPhoneSimulator.ActiveCfg = Debug|Any CPU
		{F1127C23-056E-4333-BA7D-108B796C9B36}.Ad-Hoc|iPhoneSimulator.Build.0 = Debug|Any CPU
		{F1127C23-056E-4333-BA7D-108B796C9B36}.Ad-Hoc|x64.ActiveCfg = Debug|Any CPU
		{F1127C23-056E-4333-BA7D-108B796C9B36}.Ad-Hoc|x64.Build.0 = Debug|Any CPU
		{F1127C23-056E-4333-BA7D-108B796C9B36}.Ad-Hoc|x86.ActiveCfg = Debug|Any CPU
		{F1127C23-056E-4333-BA7D-108B796C9B36}.Ad-Hoc|x86.Build.0 = Debug|Any CPU
		{F1127C23-056E-4333-BA7D-108B796C9B36}.AppStore|Any CPU.ActiveCfg = Debug|Any CPU
		{F1127C23-056E-4333-BA7D-108B796C9B36}.AppStore|Any CPU.Build.0 = Debug|Any CPU
		{F1127C23-056E-4333-BA7D-108B796C9B36}.AppStore|ARM.ActiveCfg = Debug|Any CPU
		{F1127C23-056E-4333-BA7D-108B796C9B36}.AppStore|ARM.Build.0 = Debug|Any CPU
		{F1127C23-056E-4333-BA7D-108B796C9B36}.AppStore|iPhone.ActiveCfg = Debug|Any CPU
		{F1127C23-056E-4333-BA7D-108B796C9B36}.AppStore|iPhone.Build.0 = Debug|Any CPU
		{F1127C23-056E-4333-BA7D-108B796C9B36}.AppStore|iPhoneSimulator.ActiveCfg = Debug|Any CPU
		{F1127C23-056E-4333-BA7D-108B796C9B36}.AppStore|iPhoneSimulator.Build.0 = Debug|Any CPU
		{F1127C23-056E-4333-BA7D-108B796C9B36}.AppStore|x64.ActiveCfg = Debug|Any CPU
		{F1127C23-056E-4333-BA7D-108B796C9B36}.AppStore|x64.Build.0 = Debug|Any CPU
		{F1127C23-056E-4333-BA7D-108B796C9B36}.AppStore|x86.ActiveCfg = Debug|Any CPU
		{F1127C23-056E-4333-BA7D-108B796C9B36}.AppStore|x86.Build.0 = Debug|Any CPU
		{F1127C23-056E-4333-BA7D-108B796C9B36}.Debug|Any CPU.ActiveCfg = Debug|Any CPU
		{F1127C23-056E-4333-BA7D-108B796C9B36}.Debug|Any CPU.Build.0 = Debug|Any CPU
		{F1127C23-056E-4333-BA7D-108B796C9B36}.Debug|ARM.ActiveCfg = Debug|Any CPU
		{F1127C23-056E-4333-BA7D-108B796C9B36}.Debug|ARM.Build.0 = Debug|Any CPU
		{F1127C23-056E-4333-BA7D-108B796C9B36}.Debug|iPhone.ActiveCfg = Debug|Any CPU
		{F1127C23-056E-4333-BA7D-108B796C9B36}.Debug|iPhone.Build.0 = Debug|Any CPU
		{F1127C23-056E-4333-BA7D-108B796C9B36}.Debug|iPhoneSimulator.ActiveCfg = Debug|Any CPU
		{F1127C23-056E-4333-BA7D-108B796C9B36}.Debug|iPhoneSimulator.Build.0 = Debug|Any CPU
		{F1127C23-056E-4333-BA7D-108B796C9B36}.Debug|x64.ActiveCfg = Debug|Any CPU
		{F1127C23-056E-4333-BA7D-108B796C9B36}.Debug|x64.Build.0 = Debug|Any CPU
		{F1127C23-056E-4333-BA7D-108B796C9B36}.Debug|x86.ActiveCfg = Debug|Any CPU
		{F1127C23-056E-4333-BA7D-108B796C9B36}.Debug|x86.Build.0 = Debug|Any CPU
		{F1127C23-056E-4333-BA7D-108B796C9B36}.Release|Any CPU.ActiveCfg = Release|Any CPU
		{F1127C23-056E-4333-BA7D-108B796C9B36}.Release|Any CPU.Build.0 = Release|Any CPU
		{F1127C23-056E-4333-BA7D-108B796C9B36}.Release|ARM.ActiveCfg = Release|Any CPU
		{F1127C23-056E-4333-BA7D-108B796C9B36}.Release|ARM.Build.0 = Release|Any CPU
		{F1127C23-056E-4333-BA7D-108B796C9B36}.Release|iPhone.ActiveCfg = Release|Any CPU
		{F1127C23-056E-4333-BA7D-108B796C9B36}.Release|iPhone.Build.0 = Release|Any CPU
		{F1127C23-056E-4333-BA7D-108B796C9B36}.Release|iPhoneSimulator.ActiveCfg = Release|Any CPU
		{F1127C23-056E-4333-BA7D-108B796C9B36}.Release|iPhoneSimulator.Build.0 = Release|Any CPU
		{F1127C23-056E-4333-BA7D-108B796C9B36}.Release|x64.ActiveCfg = Release|Any CPU
		{F1127C23-056E-4333-BA7D-108B796C9B36}.Release|x64.Build.0 = Release|Any CPU
		{F1127C23-056E-4333-BA7D-108B796C9B36}.Release|x86.ActiveCfg = Release|Any CPU
		{F1127C23-056E-4333-BA7D-108B796C9B36}.Release|x86.Build.0 = Release|Any CPU
		{C03A36F6-038D-4956-941E-B817EEE09379}.Ad-Hoc|Any CPU.ActiveCfg = Release|Any CPU
		{C03A36F6-038D-4956-941E-B817EEE09379}.Ad-Hoc|Any CPU.Build.0 = Release|Any CPU
		{C03A36F6-038D-4956-941E-B817EEE09379}.Ad-Hoc|Any CPU.Deploy.0 = Release|Any CPU
		{C03A36F6-038D-4956-941E-B817EEE09379}.Ad-Hoc|ARM.ActiveCfg = Release|Any CPU
		{C03A36F6-038D-4956-941E-B817EEE09379}.Ad-Hoc|ARM.Build.0 = Release|Any CPU
		{C03A36F6-038D-4956-941E-B817EEE09379}.Ad-Hoc|ARM.Deploy.0 = Release|Any CPU
		{C03A36F6-038D-4956-941E-B817EEE09379}.Ad-Hoc|iPhone.ActiveCfg = Release|Any CPU
		{C03A36F6-038D-4956-941E-B817EEE09379}.Ad-Hoc|iPhone.Build.0 = Release|Any CPU
		{C03A36F6-038D-4956-941E-B817EEE09379}.Ad-Hoc|iPhone.Deploy.0 = Release|Any CPU
		{C03A36F6-038D-4956-941E-B817EEE09379}.Ad-Hoc|iPhoneSimulator.ActiveCfg = Release|Any CPU
		{C03A36F6-038D-4956-941E-B817EEE09379}.Ad-Hoc|iPhoneSimulator.Build.0 = Release|Any CPU
		{C03A36F6-038D-4956-941E-B817EEE09379}.Ad-Hoc|iPhoneSimulator.Deploy.0 = Release|Any CPU
		{C03A36F6-038D-4956-941E-B817EEE09379}.Ad-Hoc|x64.ActiveCfg = Release|Any CPU
		{C03A36F6-038D-4956-941E-B817EEE09379}.Ad-Hoc|x64.Build.0 = Release|Any CPU
		{C03A36F6-038D-4956-941E-B817EEE09379}.Ad-Hoc|x64.Deploy.0 = Release|Any CPU
		{C03A36F6-038D-4956-941E-B817EEE09379}.Ad-Hoc|x86.ActiveCfg = Release|Any CPU
		{C03A36F6-038D-4956-941E-B817EEE09379}.Ad-Hoc|x86.Build.0 = Release|Any CPU
		{C03A36F6-038D-4956-941E-B817EEE09379}.Ad-Hoc|x86.Deploy.0 = Release|Any CPU
		{C03A36F6-038D-4956-941E-B817EEE09379}.AppStore|Any CPU.ActiveCfg = Release|Any CPU
		{C03A36F6-038D-4956-941E-B817EEE09379}.AppStore|Any CPU.Build.0 = Release|Any CPU
		{C03A36F6-038D-4956-941E-B817EEE09379}.AppStore|Any CPU.Deploy.0 = Release|Any CPU
		{C03A36F6-038D-4956-941E-B817EEE09379}.AppStore|ARM.ActiveCfg = Release|Any CPU
		{C03A36F6-038D-4956-941E-B817EEE09379}.AppStore|ARM.Build.0 = Release|Any CPU
		{C03A36F6-038D-4956-941E-B817EEE09379}.AppStore|ARM.Deploy.0 = Release|Any CPU
		{C03A36F6-038D-4956-941E-B817EEE09379}.AppStore|iPhone.ActiveCfg = Release|Any CPU
		{C03A36F6-038D-4956-941E-B817EEE09379}.AppStore|iPhone.Build.0 = Release|Any CPU
		{C03A36F6-038D-4956-941E-B817EEE09379}.AppStore|iPhone.Deploy.0 = Release|Any CPU
		{C03A36F6-038D-4956-941E-B817EEE09379}.AppStore|iPhoneSimulator.ActiveCfg = Release|Any CPU
		{C03A36F6-038D-4956-941E-B817EEE09379}.AppStore|iPhoneSimulator.Build.0 = Release|Any CPU
		{C03A36F6-038D-4956-941E-B817EEE09379}.AppStore|iPhoneSimulator.Deploy.0 = Release|Any CPU
		{C03A36F6-038D-4956-941E-B817EEE09379}.AppStore|x64.ActiveCfg = Release|Any CPU
		{C03A36F6-038D-4956-941E-B817EEE09379}.AppStore|x64.Build.0 = Release|Any CPU
		{C03A36F6-038D-4956-941E-B817EEE09379}.AppStore|x64.Deploy.0 = Release|Any CPU
		{C03A36F6-038D-4956-941E-B817EEE09379}.AppStore|x86.ActiveCfg = Release|Any CPU
		{C03A36F6-038D-4956-941E-B817EEE09379}.AppStore|x86.Build.0 = Release|Any CPU
		{C03A36F6-038D-4956-941E-B817EEE09379}.AppStore|x86.Deploy.0 = Release|Any CPU
		{C03A36F6-038D-4956-941E-B817EEE09379}.Debug|Any CPU.ActiveCfg = Debug|Any CPU
		{C03A36F6-038D-4956-941E-B817EEE09379}.Debug|Any CPU.Build.0 = Debug|Any CPU
		{C03A36F6-038D-4956-941E-B817EEE09379}.Debug|Any CPU.Deploy.0 = Debug|Any CPU
		{C03A36F6-038D-4956-941E-B817EEE09379}.Debug|ARM.ActiveCfg = Debug|Any CPU
		{C03A36F6-038D-4956-941E-B817EEE09379}.Debug|ARM.Build.0 = Debug|Any CPU
		{C03A36F6-038D-4956-941E-B817EEE09379}.Debug|ARM.Deploy.0 = Debug|Any CPU
		{C03A36F6-038D-4956-941E-B817EEE09379}.Debug|iPhone.ActiveCfg = Debug|Any CPU
		{C03A36F6-038D-4956-941E-B817EEE09379}.Debug|iPhone.Build.0 = Debug|Any CPU
		{C03A36F6-038D-4956-941E-B817EEE09379}.Debug|iPhone.Deploy.0 = Debug|Any CPU
		{C03A36F6-038D-4956-941E-B817EEE09379}.Debug|iPhoneSimulator.ActiveCfg = Debug|Any CPU
		{C03A36F6-038D-4956-941E-B817EEE09379}.Debug|iPhoneSimulator.Build.0 = Debug|Any CPU
		{C03A36F6-038D-4956-941E-B817EEE09379}.Debug|iPhoneSimulator.Deploy.0 = Debug|Any CPU
		{C03A36F6-038D-4956-941E-B817EEE09379}.Debug|x64.ActiveCfg = Debug|Any CPU
		{C03A36F6-038D-4956-941E-B817EEE09379}.Debug|x64.Build.0 = Debug|Any CPU
		{C03A36F6-038D-4956-941E-B817EEE09379}.Debug|x64.Deploy.0 = Debug|Any CPU
		{C03A36F6-038D-4956-941E-B817EEE09379}.Debug|x86.ActiveCfg = Debug|Any CPU
		{C03A36F6-038D-4956-941E-B817EEE09379}.Debug|x86.Build.0 = Debug|Any CPU
		{C03A36F6-038D-4956-941E-B817EEE09379}.Debug|x86.Deploy.0 = Debug|Any CPU
		{C03A36F6-038D-4956-941E-B817EEE09379}.Release|Any CPU.ActiveCfg = Release|Any CPU
		{C03A36F6-038D-4956-941E-B817EEE09379}.Release|Any CPU.Build.0 = Release|Any CPU
		{C03A36F6-038D-4956-941E-B817EEE09379}.Release|Any CPU.Deploy.0 = Release|Any CPU
		{C03A36F6-038D-4956-941E-B817EEE09379}.Release|ARM.ActiveCfg = Release|Any CPU
		{C03A36F6-038D-4956-941E-B817EEE09379}.Release|ARM.Build.0 = Release|Any CPU
		{C03A36F6-038D-4956-941E-B817EEE09379}.Release|ARM.Deploy.0 = Release|Any CPU
		{C03A36F6-038D-4956-941E-B817EEE09379}.Release|iPhone.ActiveCfg = Release|Any CPU
		{C03A36F6-038D-4956-941E-B817EEE09379}.Release|iPhone.Build.0 = Release|Any CPU
		{C03A36F6-038D-4956-941E-B817EEE09379}.Release|iPhone.Deploy.0 = Release|Any CPU
		{C03A36F6-038D-4956-941E-B817EEE09379}.Release|iPhoneSimulator.ActiveCfg = Release|Any CPU
		{C03A36F6-038D-4956-941E-B817EEE09379}.Release|iPhoneSimulator.Build.0 = Release|Any CPU
		{C03A36F6-038D-4956-941E-B817EEE09379}.Release|iPhoneSimulator.Deploy.0 = Release|Any CPU
		{C03A36F6-038D-4956-941E-B817EEE09379}.Release|x64.ActiveCfg = Release|Any CPU
		{C03A36F6-038D-4956-941E-B817EEE09379}.Release|x64.Build.0 = Release|Any CPU
		{C03A36F6-038D-4956-941E-B817EEE09379}.Release|x64.Deploy.0 = Release|Any CPU
		{C03A36F6-038D-4956-941E-B817EEE09379}.Release|x86.ActiveCfg = Release|Any CPU
		{C03A36F6-038D-4956-941E-B817EEE09379}.Release|x86.Build.0 = Release|Any CPU
		{C03A36F6-038D-4956-941E-B817EEE09379}.Release|x86.Deploy.0 = Release|Any CPU
		{0F64977A-C783-48A7-9C21-7A7F39BC1A1E}.Ad-Hoc|Any CPU.ActiveCfg = Ad-Hoc|iPhone
		{0F64977A-C783-48A7-9C21-7A7F39BC1A1E}.Ad-Hoc|ARM.ActiveCfg = Ad-Hoc|iPhone
		{0F64977A-C783-48A7-9C21-7A7F39BC1A1E}.Ad-Hoc|iPhone.ActiveCfg = Ad-Hoc|iPhone
		{0F64977A-C783-48A7-9C21-7A7F39BC1A1E}.Ad-Hoc|iPhone.Build.0 = Ad-Hoc|iPhone
		{0F64977A-C783-48A7-9C21-7A7F39BC1A1E}.Ad-Hoc|iPhoneSimulator.ActiveCfg = Ad-Hoc|iPhoneSimulator
		{0F64977A-C783-48A7-9C21-7A7F39BC1A1E}.Ad-Hoc|iPhoneSimulator.Build.0 = Ad-Hoc|iPhoneSimulator
		{0F64977A-C783-48A7-9C21-7A7F39BC1A1E}.Ad-Hoc|x64.ActiveCfg = Ad-Hoc|iPhone
		{0F64977A-C783-48A7-9C21-7A7F39BC1A1E}.Ad-Hoc|x86.ActiveCfg = Ad-Hoc|iPhone
		{0F64977A-C783-48A7-9C21-7A7F39BC1A1E}.AppStore|Any CPU.ActiveCfg = AppStore|iPhone
		{0F64977A-C783-48A7-9C21-7A7F39BC1A1E}.AppStore|ARM.ActiveCfg = AppStore|iPhone
		{0F64977A-C783-48A7-9C21-7A7F39BC1A1E}.AppStore|iPhone.ActiveCfg = AppStore|iPhone
		{0F64977A-C783-48A7-9C21-7A7F39BC1A1E}.AppStore|iPhone.Build.0 = AppStore|iPhone
		{0F64977A-C783-48A7-9C21-7A7F39BC1A1E}.AppStore|iPhoneSimulator.ActiveCfg = AppStore|iPhoneSimulator
		{0F64977A-C783-48A7-9C21-7A7F39BC1A1E}.AppStore|iPhoneSimulator.Build.0 = AppStore|iPhoneSimulator
		{0F64977A-C783-48A7-9C21-7A7F39BC1A1E}.AppStore|x64.ActiveCfg = AppStore|iPhone
		{0F64977A-C783-48A7-9C21-7A7F39BC1A1E}.AppStore|x86.ActiveCfg = AppStore|iPhone
		{0F64977A-C783-48A7-9C21-7A7F39BC1A1E}.Debug|Any CPU.ActiveCfg = Debug|iPhone
		{0F64977A-C783-48A7-9C21-7A7F39BC1A1E}.Debug|ARM.ActiveCfg = Debug|iPhone
		{0F64977A-C783-48A7-9C21-7A7F39BC1A1E}.Debug|iPhone.ActiveCfg = Debug|iPhone
		{0F64977A-C783-48A7-9C21-7A7F39BC1A1E}.Debug|iPhone.Build.0 = Debug|iPhone
		{0F64977A-C783-48A7-9C21-7A7F39BC1A1E}.Debug|iPhoneSimulator.ActiveCfg = Debug|iPhoneSimulator
		{0F64977A-C783-48A7-9C21-7A7F39BC1A1E}.Debug|iPhoneSimulator.Build.0 = Debug|iPhoneSimulator
		{0F64977A-C783-48A7-9C21-7A7F39BC1A1E}.Debug|x64.ActiveCfg = Debug|iPhone
		{0F64977A-C783-48A7-9C21-7A7F39BC1A1E}.Debug|x86.ActiveCfg = Debug|iPhone
		{0F64977A-C783-48A7-9C21-7A7F39BC1A1E}.Release|Any CPU.ActiveCfg = Release|iPhone
		{0F64977A-C783-48A7-9C21-7A7F39BC1A1E}.Release|ARM.ActiveCfg = Release|iPhone
		{0F64977A-C783-48A7-9C21-7A7F39BC1A1E}.Release|iPhone.ActiveCfg = Release|iPhone
		{0F64977A-C783-48A7-9C21-7A7F39BC1A1E}.Release|iPhone.Build.0 = Release|iPhone
		{0F64977A-C783-48A7-9C21-7A7F39BC1A1E}.Release|iPhoneSimulator.ActiveCfg = Release|iPhoneSimulator
		{0F64977A-C783-48A7-9C21-7A7F39BC1A1E}.Release|iPhoneSimulator.Build.0 = Release|iPhoneSimulator
		{0F64977A-C783-48A7-9C21-7A7F39BC1A1E}.Release|x64.ActiveCfg = Release|iPhone
		{0F64977A-C783-48A7-9C21-7A7F39BC1A1E}.Release|x86.ActiveCfg = Release|iPhone
		{14E386E0-0C91-4A68-9644-1F3C5F51468E}.Ad-Hoc|Any CPU.ActiveCfg = Release|x86
		{14E386E0-0C91-4A68-9644-1F3C5F51468E}.Ad-Hoc|Any CPU.Build.0 = Release|x86
		{14E386E0-0C91-4A68-9644-1F3C5F51468E}.Ad-Hoc|Any CPU.Deploy.0 = Release|x86
		{14E386E0-0C91-4A68-9644-1F3C5F51468E}.Ad-Hoc|ARM.ActiveCfg = Release|ARM
		{14E386E0-0C91-4A68-9644-1F3C5F51468E}.Ad-Hoc|ARM.Build.0 = Release|ARM
		{14E386E0-0C91-4A68-9644-1F3C5F51468E}.Ad-Hoc|ARM.Deploy.0 = Release|ARM
		{14E386E0-0C91-4A68-9644-1F3C5F51468E}.Ad-Hoc|iPhone.ActiveCfg = Release|x86
		{14E386E0-0C91-4A68-9644-1F3C5F51468E}.Ad-Hoc|iPhone.Build.0 = Release|x86
		{14E386E0-0C91-4A68-9644-1F3C5F51468E}.Ad-Hoc|iPhone.Deploy.0 = Release|x86
		{14E386E0-0C91-4A68-9644-1F3C5F51468E}.Ad-Hoc|iPhoneSimulator.ActiveCfg = Release|x86
		{14E386E0-0C91-4A68-9644-1F3C5F51468E}.Ad-Hoc|iPhoneSimulator.Build.0 = Release|x86
		{14E386E0-0C91-4A68-9644-1F3C5F51468E}.Ad-Hoc|iPhoneSimulator.Deploy.0 = Release|x86
		{14E386E0-0C91-4A68-9644-1F3C5F51468E}.Ad-Hoc|x64.ActiveCfg = Release|x64
		{14E386E0-0C91-4A68-9644-1F3C5F51468E}.Ad-Hoc|x64.Build.0 = Release|x64
		{14E386E0-0C91-4A68-9644-1F3C5F51468E}.Ad-Hoc|x64.Deploy.0 = Release|x64
		{14E386E0-0C91-4A68-9644-1F3C5F51468E}.Ad-Hoc|x86.ActiveCfg = Release|x86
		{14E386E0-0C91-4A68-9644-1F3C5F51468E}.Ad-Hoc|x86.Build.0 = Release|x86
		{14E386E0-0C91-4A68-9644-1F3C5F51468E}.Ad-Hoc|x86.Deploy.0 = Release|x86
		{14E386E0-0C91-4A68-9644-1F3C5F51468E}.AppStore|Any CPU.ActiveCfg = Release|x86
		{14E386E0-0C91-4A68-9644-1F3C5F51468E}.AppStore|Any CPU.Build.0 = Release|x86
		{14E386E0-0C91-4A68-9644-1F3C5F51468E}.AppStore|Any CPU.Deploy.0 = Release|x86
		{14E386E0-0C91-4A68-9644-1F3C5F51468E}.AppStore|ARM.ActiveCfg = Release|ARM
		{14E386E0-0C91-4A68-9644-1F3C5F51468E}.AppStore|ARM.Build.0 = Release|ARM
		{14E386E0-0C91-4A68-9644-1F3C5F51468E}.AppStore|ARM.Deploy.0 = Release|ARM
		{14E386E0-0C91-4A68-9644-1F3C5F51468E}.AppStore|iPhone.ActiveCfg = Release|x86
		{14E386E0-0C91-4A68-9644-1F3C5F51468E}.AppStore|iPhone.Build.0 = Release|x86
		{14E386E0-0C91-4A68-9644-1F3C5F51468E}.AppStore|iPhone.Deploy.0 = Release|x86
		{14E386E0-0C91-4A68-9644-1F3C5F51468E}.AppStore|iPhoneSimulator.ActiveCfg = Release|x86
		{14E386E0-0C91-4A68-9644-1F3C5F51468E}.AppStore|iPhoneSimulator.Build.0 = Release|x86
		{14E386E0-0C91-4A68-9644-1F3C5F51468E}.AppStore|iPhoneSimulator.Deploy.0 = Release|x86
		{14E386E0-0C91-4A68-9644-1F3C5F51468E}.AppStore|x64.ActiveCfg = Release|x64
		{14E386E0-0C91-4A68-9644-1F3C5F51468E}.AppStore|x64.Build.0 = Release|x64
		{14E386E0-0C91-4A68-9644-1F3C5F51468E}.AppStore|x64.Deploy.0 = Release|x64
		{14E386E0-0C91-4A68-9644-1F3C5F51468E}.AppStore|x86.ActiveCfg = Release|x86
		{14E386E0-0C91-4A68-9644-1F3C5F51468E}.AppStore|x86.Build.0 = Release|x86
		{14E386E0-0C91-4A68-9644-1F3C5F51468E}.AppStore|x86.Deploy.0 = Release|x86
		{14E386E0-0C91-4A68-9644-1F3C5F51468E}.Debug|Any CPU.ActiveCfg = Debug|x86
		{14E386E0-0C91-4A68-9644-1F3C5F51468E}.Debug|ARM.ActiveCfg = Debug|ARM
		{14E386E0-0C91-4A68-9644-1F3C5F51468E}.Debug|ARM.Build.0 = Debug|ARM
		{14E386E0-0C91-4A68-9644-1F3C5F51468E}.Debug|ARM.Deploy.0 = Debug|ARM
		{14E386E0-0C91-4A68-9644-1F3C5F51468E}.Debug|iPhone.ActiveCfg = Debug|x86
		{14E386E0-0C91-4A68-9644-1F3C5F51468E}.Debug|iPhoneSimulator.ActiveCfg = Debug|x86
		{14E386E0-0C91-4A68-9644-1F3C5F51468E}.Debug|x64.ActiveCfg = Debug|x64
		{14E386E0-0C91-4A68-9644-1F3C5F51468E}.Debug|x64.Build.0 = Debug|x64
		{14E386E0-0C91-4A68-9644-1F3C5F51468E}.Debug|x64.Deploy.0 = Debug|x64
		{14E386E0-0C91-4A68-9644-1F3C5F51468E}.Debug|x86.ActiveCfg = Debug|x86
		{14E386E0-0C91-4A68-9644-1F3C5F51468E}.Debug|x86.Build.0 = Debug|x86
		{14E386E0-0C91-4A68-9644-1F3C5F51468E}.Debug|x86.Deploy.0 = Debug|x86
		{14E386E0-0C91-4A68-9644-1F3C5F51468E}.Release|Any CPU.ActiveCfg = Release|x86
		{14E386E0-0C91-4A68-9644-1F3C5F51468E}.Release|ARM.ActiveCfg = Release|ARM
		{14E386E0-0C91-4A68-9644-1F3C5F51468E}.Release|ARM.Build.0 = Release|ARM
		{14E386E0-0C91-4A68-9644-1F3C5F51468E}.Release|ARM.Deploy.0 = Release|ARM
		{14E386E0-0C91-4A68-9644-1F3C5F51468E}.Release|iPhone.ActiveCfg = Release|x86
		{14E386E0-0C91-4A68-9644-1F3C5F51468E}.Release|iPhoneSimulator.ActiveCfg = Release|x86
		{14E386E0-0C91-4A68-9644-1F3C5F51468E}.Release|x64.ActiveCfg = Release|x64
		{14E386E0-0C91-4A68-9644-1F3C5F51468E}.Release|x64.Build.0 = Release|x64
		{14E386E0-0C91-4A68-9644-1F3C5F51468E}.Release|x64.Deploy.0 = Release|x64
		{14E386E0-0C91-4A68-9644-1F3C5F51468E}.Release|x86.ActiveCfg = Release|x86
		{14E386E0-0C91-4A68-9644-1F3C5F51468E}.Release|x86.Build.0 = Release|x86
		{14E386E0-0C91-4A68-9644-1F3C5F51468E}.Release|x86.Deploy.0 = Release|x86
	EndGlobalSection
	GlobalSection(SolutionProperties) = preSolution
		HideSolutionNode = FALSE
	EndGlobalSection
	GlobalSection(ExtensibilityGlobals) = postSolution
		SolutionGuid = {FDBDC2A4-2796-47E1-AE83-EDD2D30A3062}
	EndGlobalSection
EndGlobal
